// !$*UTF8*$!
{
	archiveVersion = 1;
	classes = {
	};
	objectVersion = 46;
	objects = {

/* Begin PBXBuildFile section */
		D827CC0419F00749001D230C /* main.m in Sources */ = {isa = PBXBuildFile; fileRef = D827CC0319F00749001D230C /* main.m */; };
		D827CC0719F00749001D230C /* AppDelegate.m in Sources */ = {isa = PBXBuildFile; fileRef = D827CC0619F00749001D230C /* AppDelegate.m */; };
		D827CC0A19F00749001D230C /* ViewController.m in Sources */ = {isa = PBXBuildFile; fileRef = D827CC0919F00749001D230C /* ViewController.m */; };
		D827CC0D19F00749001D230C /* Main.storyboard in Resources */ = {isa = PBXBuildFile; fileRef = D827CC0B19F00749001D230C /* Main.storyboard */; };
		D827CC0F19F00749001D230C /* Images.xcassets in Resources */ = {isa = PBXBuildFile; fileRef = D827CC0E19F00749001D230C /* Images.xcassets */; };
		D827CC1219F00749001D230C /* LaunchScreen.xib in Resources */ = {isa = PBXBuildFile; fileRef = D827CC1019F00749001D230C /* LaunchScreen.xib */; };
		D827CC1E19F00749001D230C /* Keychain34018Tests.m in Sources */ = {isa = PBXBuildFile; fileRef = D827CC1D19F00749001D230C /* Keychain34018Tests.m */; };
		D827CC2819F008A6001D230C /* Security.framework in Frameworks */ = {isa = PBXBuildFile; fileRef = D827CC2719F008A6001D230C /* Security.framework */; };
		D827CC2B19F008C1001D230C /* JNKeychain.m in Sources */ = {isa = PBXBuildFile; fileRef = D827CC2A19F008C1001D230C /* JNKeychain.m */; };
/* End PBXBuildFile section */

/* Begin PBXContainerItemProxy section */
		D827CC1819F00749001D230C /* PBXContainerItemProxy */ = {
			isa = PBXContainerItemProxy;
			containerPortal = D827CBF619F00749001D230C /* Project object */;
			proxyType = 1;
			remoteGlobalIDString = D827CBFD19F00749001D230C;
			remoteInfo = Keychain34018;
		};
/* End PBXContainerItemProxy section */

/* Begin PBXFileReference section */
		D827CBFE19F00749001D230C /* Keychain34018.app */ = {isa = PBXFileReference; explicitFileType = wrapper.application; includeInIndex = 0; path = Keychain34018.app; sourceTree = BUILT_PRODUCTS_DIR; };
		D827CC0219F00749001D230C /* Info.plist */ = {isa = PBXFileReference; lastKnownFileType = text.plist.xml; path = Info.plist; sourceTree = "<group>"; };
		D827CC0319F00749001D230C /* main.m */ = {isa = PBXFileReference; lastKnownFileType = sourcecode.c.objc; path = main.m; sourceTree = "<group>"; };
		D827CC0519F00749001D230C /* AppDelegate.h */ = {isa = PBXFileReference; lastKnownFileType = sourcecode.c.h; path = AppDelegate.h; sourceTree = "<group>"; };
		D827CC0619F00749001D230C /* AppDelegate.m */ = {isa = PBXFileReference; lastKnownFileType = sourcecode.c.objc; path = AppDelegate.m; sourceTree = "<group>"; };
		D827CC0819F00749001D230C /* ViewController.h */ = {isa = PBXFileReference; lastKnownFileType = sourcecode.c.h; path = ViewController.h; sourceTree = "<group>"; };
		D827CC0919F00749001D230C /* ViewController.m */ = {isa = PBXFileReference; lastKnownFileType = sourcecode.c.objc; path = ViewController.m; sourceTree = "<group>"; };
		D827CC0C19F00749001D230C /* Base */ = {isa = PBXFileReference; lastKnownFileType = file.storyboard; name = Base; path = Base.lproj/Main.storyboard; sourceTree = "<group>"; };
		D827CC0E19F00749001D230C /* Images.xcassets */ = {isa = PBXFileReference; lastKnownFileType = folder.assetcatalog; path = Images.xcassets; sourceTree = "<group>"; };
		D827CC1119F00749001D230C /* Base */ = {isa = PBXFileReference; lastKnownFileType = file.xib; name = Base; path = Base.lproj/LaunchScreen.xib; sourceTree = "<group>"; };
		D827CC1719F00749001D230C /* Keychain34018Tests.xctest */ = {isa = PBXFileReference; explicitFileType = wrapper.cfbundle; includeInIndex = 0; path = Keychain34018Tests.xctest; sourceTree = BUILT_PRODUCTS_DIR; };
		D827CC1C19F00749001D230C /* Info.plist */ = {isa = PBXFileReference; lastKnownFileType = text.plist.xml; path = Info.plist; sourceTree = "<group>"; };
		D827CC1D19F00749001D230C /* Keychain34018Tests.m */ = {isa = PBXFileReference; lastKnownFileType = sourcecode.c.objc; path = Keychain34018Tests.m; sourceTree = "<group>"; };
		D827CC2719F008A6001D230C /* Security.framework */ = {isa = PBXFileReference; lastKnownFileType = wrapper.framework; name = Security.framework; path = System/Library/Frameworks/Security.framework; sourceTree = SDKROOT; };
		D827CC2919F008C1001D230C /* JNKeychain.h */ = {isa = PBXFileReference; fileEncoding = 4; lastKnownFileType = sourcecode.c.h; path = JNKeychain.h; sourceTree = "<group>"; };
		D827CC2A19F008C1001D230C /* JNKeychain.m */ = {isa = PBXFileReference; fileEncoding = 4; lastKnownFileType = sourcecode.c.objc; path = JNKeychain.m; sourceTree = "<group>"; };
/* End PBXFileReference section */

/* Begin PBXFrameworksBuildPhase section */
		D827CBFB19F00749001D230C /* Frameworks */ = {
			isa = PBXFrameworksBuildPhase;
			buildActionMask = 2147483647;
			files = (
				D827CC2819F008A6001D230C /* Security.framework in Frameworks */,
			);
			runOnlyForDeploymentPostprocessing = 0;
		};
		D827CC1419F00749001D230C /* Frameworks */ = {
			isa = PBXFrameworksBuildPhase;
			buildActionMask = 2147483647;
			files = (
			);
			runOnlyForDeploymentPostprocessing = 0;
		};
/* End PBXFrameworksBuildPhase section */

/* Begin PBXGroup section */
		D827CBF519F00749001D230C = {
			isa = PBXGroup;
			children = (
				D827CC2719F008A6001D230C /* Security.framework */,
				D827CC0019F00749001D230C /* Keychain34018 */,
				D827CC1A19F00749001D230C /* Keychain34018Tests */,
				D827CBFF19F00749001D230C /* Products */,
			);
			sourceTree = "<group>";
		};
		D827CBFF19F00749001D230C /* Products */ = {
			isa = PBXGroup;
			children = (
				D827CBFE19F00749001D230C /* Keychain34018.app */,
				D827CC1719F00749001D230C /* Keychain34018Tests.xctest */,
			);
			name = Products;
			sourceTree = "<group>";
		};
		D827CC0019F00749001D230C /* Keychain34018 */ = {
			isa = PBXGroup;
			children = (
				D827CC0519F00749001D230C /* AppDelegate.h */,
				D827CC0619F00749001D230C /* AppDelegate.m */,
				D827CC0819F00749001D230C /* ViewController.h */,
				D827CC0919F00749001D230C /* ViewController.m */,
				D827CC0B19F00749001D230C /* Main.storyboard */,
				D827CC0E19F00749001D230C /* Images.xcassets */,
				D827CC1019F00749001D230C /* LaunchScreen.xib */,
				D827CC2919F008C1001D230C /* JNKeychain.h */,
				D827CC2A19F008C1001D230C /* JNKeychain.m */,
				D827CC0119F00749001D230C /* Supporting Files */,
			);
			path = Keychain34018;
			sourceTree = "<group>";
		};
		D827CC0119F00749001D230C /* Supporting Files */ = {
			isa = PBXGroup;
			children = (
				D827CC0219F00749001D230C /* Info.plist */,
				D827CC0319F00749001D230C /* main.m */,
			);
			name = "Supporting Files";
			sourceTree = "<group>";
		};
		D827CC1A19F00749001D230C /* Keychain34018Tests */ = {
			isa = PBXGroup;
			children = (
				D827CC1D19F00749001D230C /* Keychain34018Tests.m */,
				D827CC1B19F00749001D230C /* Supporting Files */,
			);
			path = Keychain34018Tests;
			sourceTree = "<group>";
		};
		D827CC1B19F00749001D230C /* Supporting Files */ = {
			isa = PBXGroup;
			children = (
				D827CC1C19F00749001D230C /* Info.plist */,
			);
			name = "Supporting Files";
			sourceTree = "<group>";
		};
/* End PBXGroup section */

/* Begin PBXNativeTarget section */
		D827CBFD19F00749001D230C /* Keychain34018 */ = {
			isa = PBXNativeTarget;
			buildConfigurationList = D827CC2119F00749001D230C /* Build configuration list for PBXNativeTarget "Keychain34018" */;
			buildPhases = (
				D827CBFA19F00749001D230C /* Sources */,
				D827CBFB19F00749001D230C /* Frameworks */,
				D827CBFC19F00749001D230C /* Resources */,
			);
			buildRules = (
			);
			dependencies = (
			);
			name = Keychain34018;
			productName = Keychain34018;
			productReference = D827CBFE19F00749001D230C /* Keychain34018.app */;
			productType = "com.apple.product-type.application";
		};
		D827CC1619F00749001D230C /* Keychain34018Tests */ = {
			isa = PBXNativeTarget;
			buildConfigurationList = D827CC2419F00749001D230C /* Build configuration list for PBXNativeTarget "Keychain34018Tests" */;
			buildPhases = (
				D827CC1319F00749001D230C /* Sources */,
				D827CC1419F00749001D230C /* Frameworks */,
				D827CC1519F00749001D230C /* Resources */,
			);
			buildRules = (
			);
			dependencies = (
				D827CC1919F00749001D230C /* PBXTargetDependency */,
			);
			name = Keychain34018Tests;
			productName = Keychain34018Tests;
			productReference = D827CC1719F00749001D230C /* Keychain34018Tests.xctest */;
			productType = "com.apple.product-type.bundle.unit-test";
		};
/* End PBXNativeTarget section */

/* Begin PBXProject section */
		D827CBF619F00749001D230C /* Project object */ = {
			isa = PBXProject;
			attributes = {
				LastUpgradeCheck = 0600;
				ORGANIZATIONNAME = "ExpeData LLC";
				TargetAttributes = {
					D827CBFD19F00749001D230C = {
						CreatedOnToolsVersion = 6.0.1;
						DevelopmentTeam = 5WULP26L75;
					};
					D827CC1619F00749001D230C = {
						CreatedOnToolsVersion = 6.0.1;
						TestTargetID = D827CBFD19F00749001D230C;
					};
				};
			};
			buildConfigurationList = D827CBF919F00749001D230C /* Build configuration list for PBXProject "Keychain34018" */;
			compatibilityVersion = "Xcode 3.2";
			developmentRegion = English;
			hasScannedForEncodings = 0;
			knownRegions = (
				en,
				Base,
			);
			mainGroup = D827CBF519F00749001D230C;
			productRefGroup = D827CBFF19F00749001D230C /* Products */;
			projectDirPath = "";
			projectRoot = "";
			targets = (
				D827CBFD19F00749001D230C /* Keychain34018 */,
				D827CC1619F00749001D230C /* Keychain34018Tests */,
			);
		};
/* End PBXProject section */

/* Begin PBXResourcesBuildPhase section */
		D827CBFC19F00749001D230C /* Resources */ = {
			isa = PBXResourcesBuildPhase;
			buildActionMask = 2147483647;
			files = (
				D827CC0D19F00749001D230C /* Main.storyboard in Resources */,
				D827CC1219F00749001D230C /* LaunchScreen.xib in Resources */,
				D827CC0F19F00749001D230C /* Images.xcassets in Resources */,
			);
			runOnlyForDeploymentPostprocessing = 0;
		};
		D827CC1519F00749001D230C /* Resources */ = {
			isa = PBXResourcesBuildPhase;
			buildActionMask = 2147483647;
			files = (
			);
			runOnlyForDeploymentPostprocessing = 0;
		};
/* End PBXResourcesBuildPhase section */

/* Begin PBXSourcesBuildPhase section */
		D827CBFA19F00749001D230C /* Sources */ = {
			isa = PBXSourcesBuildPhase;
			buildActionMask = 2147483647;
			files = (
				D827CC0A19F00749001D230C /* ViewController.m in Sources */,
				D827CC0719F00749001D230C /* AppDelegate.m in Sources */,
				D827CC0419F00749001D230C /* main.m in Sources */,
				D827CC2B19F008C1001D230C /* JNKeychain.m in Sources */,
			);
			runOnlyForDeploymentPostprocessing = 0;
		};
		D827CC1319F00749001D230C /* Sources */ = {
			isa = PBXSourcesBuildPhase;
			buildActionMask = 2147483647;
			files = (
				D827CC1E19F00749001D230C /* Keychain34018Tests.m in Sources */,
			);
			runOnlyForDeploymentPostprocessing = 0;
		};
/* End PBXSourcesBuildPhase section */

/* Begin PBXTargetDependency section */
		D827CC1919F00749001D230C /* PBXTargetDependency */ = {
			isa = PBXTargetDependency;
			target = D827CBFD19F00749001D230C /* Keychain34018 */;
			targetProxy = D827CC1819F00749001D230C /* PBXContainerItemProxy */;
		};
/* End PBXTargetDependency section */

/* Begin PBXVariantGroup section */
		D827CC0B19F00749001D230C /* Main.storyboard */ = {
			isa = PBXVariantGroup;
			children = (
				D827CC0C19F00749001D230C /* Base */,
			);
			name = Main.storyboard;
			sourceTree = "<group>";
		};
		D827CC1019F00749001D230C /* LaunchScreen.xib */ = {
			isa = PBXVariantGroup;
			children = (
				D827CC1119F00749001D230C /* Base */,
			);
			name = LaunchScreen.xib;
			sourceTree = "<group>";
		};
/* End PBXVariantGroup section */

/* Begin XCBuildConfiguration section */
		D827CC1F19F00749001D230C /* Debug */ = {
			isa = XCBuildConfiguration;
			buildSettings = {
				ALWAYS_SEARCH_USER_PATHS = NO;
				ARCHS = "$(ARCHS_STANDARD_32_BIT)";
				CLANG_CXX_LANGUAGE_STANDARD = "gnu++0x";
				CLANG_CXX_LIBRARY = "libc++";
				CLANG_ENABLE_MODULES = YES;
				CLANG_ENABLE_OBJC_ARC = YES;
				CLANG_WARN_BOOL_CONVERSION = YES;
				CLANG_WARN_CONSTANT_CONVERSION = YES;
				CLANG_WARN_DIRECT_OBJC_ISA_USAGE = YES_ERROR;
				CLANG_WARN_EMPTY_BODY = YES;
				CLANG_WARN_ENUM_CONVERSION = YES;
				CLANG_WARN_INT_CONVERSION = YES;
				CLANG_WARN_OBJC_ROOT_CLASS = YES_ERROR;
				CLANG_WARN_UNREACHABLE_CODE = YES;
				CLANG_WARN__DUPLICATE_METHOD_MATCH = YES;
				"CODE_SIGN_IDENTITY[sdk=iphoneos*]" = "iPhone Developer";
				COPY_PHASE_STRIP = NO;
				ENABLE_STRICT_OBJC_MSGSEND = YES;
				GCC_C_LANGUAGE_STANDARD = gnu99;
				GCC_DYNAMIC_NO_PIC = NO;
				GCC_OPTIMIZATION_LEVEL = 0;
				GCC_PREPROCESSOR_DEFINITIONS = (
					"DEBUG=1",
					"$(inherited)",
				);
				GCC_SYMBOLS_PRIVATE_EXTERN = NO;
				GCC_WARN_64_TO_32_BIT_CONVERSION = YES;
				GCC_WARN_ABOUT_RETURN_TYPE = YES_ERROR;
				GCC_WARN_UNDECLARED_SELECTOR = YES;
				GCC_WARN_UNINITIALIZED_AUTOS = YES_AGGRESSIVE;
				GCC_WARN_UNUSED_FUNCTION = YES;
				GCC_WARN_UNUSED_VARIABLE = YES;
				IPHONEOS_DEPLOYMENT_TARGET = 8.0;
				MTL_ENABLE_DEBUG_INFO = YES;
				ONLY_ACTIVE_ARCH = YES;
				SDKROOT = iphoneos;
				TARGETED_DEVICE_FAMILY = "1,2";
			};
			name = Debug;
		};
		D827CC2019F00749001D230C /* Release */ = {
			isa = XCBuildConfiguration;
			buildSettings = {
				ALWAYS_SEARCH_USER_PATHS = NO;
				ARCHS = "$(ARCHS_STANDARD_32_BIT)";
				CLANG_CXX_LANGUAGE_STANDARD = "gnu++0x";
				CLANG_CXX_LIBRARY = "libc++";
				CLANG_ENABLE_MODULES = YES;
				CLANG_ENABLE_OBJC_ARC = YES;
				CLANG_WARN_BOOL_CONVERSION = YES;
				CLANG_WARN_CONSTANT_CONVERSION = YES;
				CLANG_WARN_DIRECT_OBJC_ISA_USAGE = YES_ERROR;
				CLANG_WARN_EMPTY_BODY = YES;
				CLANG_WARN_ENUM_CONVERSION = YES;
				CLANG_WARN_INT_CONVERSION = YES;
				CLANG_WARN_OBJC_ROOT_CLASS = YES_ERROR;
				CLANG_WARN_UNREACHABLE_CODE = YES;
				CLANG_WARN__DUPLICATE_METHOD_MATCH = YES;
				"CODE_SIGN_IDENTITY[sdk=iphoneos*]" = "iPhone Developer";
				COPY_PHASE_STRIP = YES;
				ENABLE_NS_ASSERTIONS = NO;
				ENABLE_STRICT_OBJC_MSGSEND = YES;
				GCC_C_LANGUAGE_STANDARD = gnu99;
				GCC_WARN_64_TO_32_BIT_CONVERSION = YES;
				GCC_WARN_ABOUT_RETURN_TYPE = YES_ERROR;
				GCC_WARN_UNDECLARED_SELECTOR = YES;
				GCC_WARN_UNINITIALIZED_AUTOS = YES_AGGRESSIVE;
				GCC_WARN_UNUSED_FUNCTION = YES;
				GCC_WARN_UNUSED_VARIABLE = YES;
				IPHONEOS_DEPLOYMENT_TARGET = 8.0;
				MTL_ENABLE_DEBUG_INFO = NO;
				SDKROOT = iphoneos;
				TARGETED_DEVICE_FAMILY = "1,2";
				VALIDATE_PRODUCT = YES;
			};
			name = Release;
		};
		D827CC2219F00749001D230C /* Debug */ = {
			isa = XCBuildConfiguration;
			buildSettings = {
				ASSETCATALOG_COMPILER_APPICON_NAME = AppIcon;
				CODE_SIGN_IDENTITY = "iPhone Developer";
				INFOPLIST_FILE = Keychain34018/Info.plist;
				IPHONEOS_DEPLOYMENT_TARGET = 7.0;
				LD_RUNPATH_SEARCH_PATHS = "$(inherited) @executable_path/Frameworks";
				PRODUCT_NAME = "$(TARGET_NAME)";
			};
			name = Debug;
		};
		D827CC2319F00749001D230C /* Release */ = {
			isa = XCBuildConfiguration;
			buildSettings = {
				ASSETCATALOG_COMPILER_APPICON_NAME = AppIcon;
				CODE_SIGN_IDENTITY = "iPhone Developer";
				INFOPLIST_FILE = Keychain34018/Info.plist;
				IPHONEOS_DEPLOYMENT_TARGET = 7.0;
				LD_RUNPATH_SEARCH_PATHS = "$(inherited) @executable_path/Frameworks";
				PRODUCT_NAME = "$(TARGET_NAME)";
			};
			name = Release;
		};
		D827CC2519F00749001D230C /* Debug */ = {
			isa = XCBuildConfiguration;
			buildSettings = {
				BUNDLE_LOADER = "$(TEST_HOST)";
				FRAMEWORK_SEARCH_PATHS = (
					"$(SDKROOT)/Developer/Library/Frameworks",
					"$(inherited)",
				);
				GCC_PREPROCESSOR_DEFINITIONS = (
					"DEBUG=1",
					"$(inherited)",
				);
				INFOPLIST_FILE = Keychain34018Tests/Info.plist;
				LD_RUNPATH_SEARCH_PATHS = "$(inherited) @executable_path/Frameworks @loader_path/Frameworks";
				PRODUCT_NAME = "$(TARGET_NAME)";
				TEST_HOST = "$(BUILT_PRODUCTS_DIR)/Keychain34018.app/Keychain34018";
			};
			name = Debug;
		};
		D827CC2619F00749001D230C /* Release */ = {
			isa = XCBuildConfiguration;
			buildSettings = {
				BUNDLE_LOADER = "$(TEST_HOST)";
				FRAMEWORK_SEARCH_PATHS = (
					"$(SDKROOT)/Developer/Library/Frameworks",
					"$(inherited)",
				);
				INFOPLIST_FILE = Keychain34018Tests/Info.plist;
				LD_RUNPATH_SEARCH_PATHS = "$(inherited) @executable_path/Frameworks @loader_path/Frameworks";
				PRODUCT_NAME = "$(TARGET_NAME)";
				TEST_HOST = "$(BUILT_PRODUCTS_DIR)/Keychain34018.app/Keychain34018";
			};
			name = Release;
		};
/* End XCBuildConfiguration section */

/* Begin XCConfigurationList section */
		D827CBF919F00749001D230C /* Build configuration list for PBXProject "Keychain34018" */ = {
			isa = XCConfigurationList;
			buildConfigurations = (
				D827CC1F19F00749001D230C /* Debug */,
				D827CC2019F00749001D230C /* Release */,
			);
			defaultConfigurationIsVisible = 0;
			defaultConfigurationName = Release;
		};
		D827CC2119F00749001D230C /* Build configuration list for PBXNativeTarget "Keychain34018" */ = {
			isa = XCConfigurationList;
			buildConfigurations = (
				D827CC2219F00749001D230C /* Debug */,
				D827CC2319F00749001D230C /* Release */,
			);
			defaultConfigurationIsVisible = 0;
			defaultConfigurationName = Release;
		};
		D827CC2419F00749001D230C /* Build configuration list for PBXNativeTarget "Keychain34018Tests" */ = {
			isa = XCConfigurationList;
			buildConfigurations = (
				D827CC2519F00749001D230C /* Debug */,
				D827CC2619F00749001D230C /* Release */,
			);
			defaultConfigurationIsVisible = 0;
			defaultConfigurationName = Release;
		};
/* End XCConfigurationList section */
	};
	rootObject = D827CBF619F00749001D230C /* Project object */;
}
